// !$*UTF8*$!
{
	archiveVersion = 1;
	classes = {
	};
	objectVersion = 46;
	objects = {

/* Begin PBXBuildFile section */
		BF208DBD1D1C17AC00BD1FF0 /* AppDelegate.swift in Sources */ = {isa = PBXBuildFile; fileRef = BF208DBC1D1C17AC00BD1FF0 /* AppDelegate.swift */; };
		BF208DBF1D1C17AC00BD1FF0 /* WelcomeViewController.swift in Sources */ = {isa = PBXBuildFile; fileRef = BF208DBE1D1C17AC00BD1FF0 /* WelcomeViewController.swift */; };
		BF208DC21D1C17AC00BD1FF0 /* Main.storyboard in Resources */ = {isa = PBXBuildFile; fileRef = BF208DC01D1C17AC00BD1FF0 /* Main.storyboard */; };
		BF208DC41D1C17AC00BD1FF0 /* Assets.xcassets in Resources */ = {isa = PBXBuildFile; fileRef = BF208DC31D1C17AC00BD1FF0 /* Assets.xcassets */; };
		BF208DC71D1C17AC00BD1FF0 /* LaunchScreen.storyboard in Resources */ = {isa = PBXBuildFile; fileRef = BF208DC51D1C17AC00BD1FF0 /* LaunchScreen.storyboard */; };
		BF208DD21D1C17AD00BD1FF0 /* UITestsSampleAppTests.swift in Sources */ = {isa = PBXBuildFile; fileRef = BF208DD11D1C17AD00BD1FF0 /* UITestsSampleAppTests.swift */; };
		BF208DDD1D1C17AD00BD1FF0 /* WelcomeViewControllerUITests.swift in Sources */ = {isa = PBXBuildFile; fileRef = BF208DDC1D1C17AD00BD1FF0 /* WelcomeViewControllerUITests.swift */; };
		BF208DEB1D1C183E00BD1FF0 /* SelectFeatureTableViewController.swift in Sources */ = {isa = PBXBuildFile; fileRef = BF208DEA1D1C183E00BD1FF0 /* SelectFeatureTableViewController.swift */; };
		BF208DED1D1C1BC400BD1FF0 /* GradationView.swift in Sources */ = {isa = PBXBuildFile; fileRef = BF208DEC1D1C1BC400BD1FF0 /* GradationView.swift */; };
		BF3722F21D1FA243008E8EAD /* PostalCodeSearch.storyboard in Resources */ = {isa = PBXBuildFile; fileRef = BF3722F11D1FA243008E8EAD /* PostalCodeSearch.storyboard */; };
		BF3FB8B11D216290000CDCCC /* LoginViewControllerUITests.swift in Sources */ = {isa = PBXBuildFile; fileRef = BF3FB8B01D216290000CDCCC /* LoginViewControllerUITests.swift */; };
		BF3FB8B31D2180E9000CDCCC /* CalculatorViewControllerUITests.swift in Sources */ = {isa = PBXBuildFile; fileRef = BF3FB8B21D2180E9000CDCCC /* CalculatorViewControllerUITests.swift */; };
		BF3FB8B51D218115000CDCCC /* PostalCodeSearchViewControllerUITests.swift in Sources */ = {isa = PBXBuildFile; fileRef = BF3FB8B41D218115000CDCCC /* PostalCodeSearchViewControllerUITests.swift */; };
		BF4417781D1F52DB006736B8 /* SelectFeatureTableViewControllerUITests.swift in Sources */ = {isa = PBXBuildFile; fileRef = BF4417771D1F52DB006736B8 /* SelectFeatureTableViewControllerUITests.swift */; };
		BF85373E1D1C31180081B3E5 /* LoginViewController.swift in Sources */ = {isa = PBXBuildFile; fileRef = BF85373D1D1C31180081B3E5 /* LoginViewController.swift */; };
		BF8537401D1C357B0081B3E5 /* index.html in Resources */ = {isa = PBXBuildFile; fileRef = BF85373F1D1C357B0081B3E5 /* index.html */; };
		BF8537431D1E77A00081B3E5 /* ViewControllerFactory.swift in Sources */ = {isa = PBXBuildFile; fileRef = BF8537421D1E77A00081B3E5 /* ViewControllerFactory.swift */; };
		BF8537451D1E7CC80081B3E5 /* Login.storyboard in Resources */ = {isa = PBXBuildFile; fileRef = BF8537441D1E7CC80081B3E5 /* Login.storyboard */; };
		BFA7AF971D1FB22100DE9A12 /* PostalCodeSearchViewController.swift in Sources */ = {isa = PBXBuildFile; fileRef = BFA7AF961D1FB22100DE9A12 /* PostalCodeSearchViewController.swift */; };
		BFDA45501D1E830500A141BF /* CustomButton.swift in Sources */ = {isa = PBXBuildFile; fileRef = BFDA454F1D1E830500A141BF /* CustomButton.swift */; };
		BFE523701D1EA8E10098BC7A /* CalculatorViewController.swift in Sources */ = {isa = PBXBuildFile; fileRef = BFE5236F1D1EA8E10098BC7A /* CalculatorViewController.swift */; };
		BFE523721D1EA8EB0098BC7A /* Calculator.storyboard in Resources */ = {isa = PBXBuildFile; fileRef = BFE523711D1EA8EB0098BC7A /* Calculator.storyboard */; };
/* End PBXBuildFile section */

/* Begin PBXContainerItemProxy section */
		BF208DCE1D1C17AD00BD1FF0 /* PBXContainerItemProxy */ = {
			isa = PBXContainerItemProxy;
			containerPortal = BF208DB11D1C17AC00BD1FF0 /* Project object */;
			proxyType = 1;
			remoteGlobalIDString = BF208DB81D1C17AC00BD1FF0;
			remoteInfo = UITestsSampleApp;
		};
		BF208DD91D1C17AD00BD1FF0 /* PBXContainerItemProxy */ = {
			isa = PBXContainerItemProxy;
			containerPortal = BF208DB11D1C17AC00BD1FF0 /* Project object */;
			proxyType = 1;
			remoteGlobalIDString = BF208DB81D1C17AC00BD1FF0;
			remoteInfo = UITestsSampleApp;
		};
/* End PBXContainerItemProxy section */

/* Begin PBXFileReference section */
		BF208DB91D1C17AC00BD1FF0 /* UITestsSampleApp.app */ = {isa = PBXFileReference; explicitFileType = wrapper.application; includeInIndex = 0; path = UITestsSampleApp.app; sourceTree = BUILT_PRODUCTS_DIR; };
		BF208DBC1D1C17AC00BD1FF0 /* AppDelegate.swift */ = {isa = PBXFileReference; lastKnownFileType = sourcecode.swift; path = AppDelegate.swift; sourceTree = "<group>"; };
		BF208DBE1D1C17AC00BD1FF0 /* WelcomeViewController.swift */ = {isa = PBXFileReference; lastKnownFileType = sourcecode.swift; path = WelcomeViewController.swift; sourceTree = "<group>"; };
		BF208DC11D1C17AC00BD1FF0 /* Base */ = {isa = PBXFileReference; lastKnownFileType = file.storyboard; name = Base; path = Base.lproj/Main.storyboard; sourceTree = "<group>"; };
		BF208DC31D1C17AC00BD1FF0 /* Assets.xcassets */ = {isa = PBXFileReference; lastKnownFileType = folder.assetcatalog; path = Assets.xcassets; sourceTree = "<group>"; };
		BF208DC61D1C17AC00BD1FF0 /* Base */ = {isa = PBXFileReference; lastKnownFileType = file.storyboard; name = Base; path = Base.lproj/LaunchScreen.storyboard; sourceTree = "<group>"; };
		BF208DC81D1C17AC00BD1FF0 /* Info.plist */ = {isa = PBXFileReference; lastKnownFileType = text.plist.xml; path = Info.plist; sourceTree = "<group>"; };
		BF208DCD1D1C17AD00BD1FF0 /* UITestsSampleAppTests.xctest */ = {isa = PBXFileReference; explicitFileType = wrapper.cfbundle; includeInIndex = 0; path = UITestsSampleAppTests.xctest; sourceTree = BUILT_PRODUCTS_DIR; };
		BF208DD11D1C17AD00BD1FF0 /* UITestsSampleAppTests.swift */ = {isa = PBXFileReference; lastKnownFileType = sourcecode.swift; path = UITestsSampleAppTests.swift; sourceTree = "<group>"; };
		BF208DD31D1C17AD00BD1FF0 /* Info.plist */ = {isa = PBXFileReference; lastKnownFileType = text.plist.xml; path = Info.plist; sourceTree = "<group>"; };
		BF208DD81D1C17AD00BD1FF0 /* UITestsSampleAppUITests.xctest */ = {isa = PBXFileReference; explicitFileType = wrapper.cfbundle; includeInIndex = 0; path = UITestsSampleAppUITests.xctest; sourceTree = BUILT_PRODUCTS_DIR; };
		BF208DDC1D1C17AD00BD1FF0 /* WelcomeViewControllerUITests.swift */ = {isa = PBXFileReference; lastKnownFileType = sourcecode.swift; path = WelcomeViewControllerUITests.swift; sourceTree = "<group>"; };
		BF208DDE1D1C17AD00BD1FF0 /* Info.plist */ = {isa = PBXFileReference; lastKnownFileType = text.plist.xml; path = Info.plist; sourceTree = "<group>"; };
		BF208DEA1D1C183E00BD1FF0 /* SelectFeatureTableViewController.swift */ = {isa = PBXFileReference; fileEncoding = 4; lastKnownFileType = sourcecode.swift; path = SelectFeatureTableViewController.swift; sourceTree = "<group>"; };
		BF208DEC1D1C1BC400BD1FF0 /* GradationView.swift */ = {isa = PBXFileReference; fileEncoding = 4; lastKnownFileType = sourcecode.swift; path = GradationView.swift; sourceTree = "<group>"; };
		BF3722F11D1FA243008E8EAD /* PostalCodeSearch.storyboard */ = {isa = PBXFileReference; fileEncoding = 4; lastKnownFileType = file.storyboard; path = PostalCodeSearch.storyboard; sourceTree = "<group>"; };
		BF3FB8B01D216290000CDCCC /* LoginViewControllerUITests.swift */ = {isa = PBXFileReference; fileEncoding = 4; lastKnownFileType = sourcecode.swift; path = LoginViewControllerUITests.swift; sourceTree = "<group>"; };
		BF3FB8B21D2180E9000CDCCC /* CalculatorViewControllerUITests.swift */ = {isa = PBXFileReference; fileEncoding = 4; lastKnownFileType = sourcecode.swift; path = CalculatorViewControllerUITests.swift; sourceTree = "<group>"; };
		BF3FB8B41D218115000CDCCC /* PostalCodeSearchViewControllerUITests.swift */ = {isa = PBXFileReference; fileEncoding = 4; lastKnownFileType = sourcecode.swift; path = PostalCodeSearchViewControllerUITests.swift; sourceTree = "<group>"; };
		BF4417771D1F52DB006736B8 /* SelectFeatureTableViewControllerUITests.swift */ = {isa = PBXFileReference; fileEncoding = 4; lastKnownFileType = sourcecode.swift; path = SelectFeatureTableViewControllerUITests.swift; sourceTree = "<group>"; };
		BF85373D1D1C31180081B3E5 /* LoginViewController.swift */ = {isa = PBXFileReference; fileEncoding = 4; lastKnownFileType = sourcecode.swift; path = LoginViewController.swift; sourceTree = "<group>"; };
		BF85373F1D1C357B0081B3E5 /* index.html */ = {isa = PBXFileReference; fileEncoding = 4; lastKnownFileType = text.html; path = index.html; sourceTree = "<group>"; };
		BF8537421D1E77A00081B3E5 /* ViewControllerFactory.swift */ = {isa = PBXFileReference; fileEncoding = 4; lastKnownFileType = sourcecode.swift; path = ViewControllerFactory.swift; sourceTree = "<group>"; };
		BF8537441D1E7CC80081B3E5 /* Login.storyboard */ = {isa = PBXFileReference; fileEncoding = 4; lastKnownFileType = file.storyboard; path = Login.storyboard; sourceTree = "<group>"; };
		BFA7AF961D1FB22100DE9A12 /* PostalCodeSearchViewController.swift */ = {isa = PBXFileReference; fileEncoding = 4; lastKnownFileType = sourcecode.swift; path = PostalCodeSearchViewController.swift; sourceTree = "<group>"; };
		BFDA454F1D1E830500A141BF /* CustomButton.swift */ = {isa = PBXFileReference; fileEncoding = 4; lastKnownFileType = sourcecode.swift; path = CustomButton.swift; sourceTree = "<group>"; };
		BFE5236F1D1EA8E10098BC7A /* CalculatorViewController.swift */ = {isa = PBXFileReference; fileEncoding = 4; lastKnownFileType = sourcecode.swift; path = CalculatorViewController.swift; sourceTree = "<group>"; };
		BFE523711D1EA8EB0098BC7A /* Calculator.storyboard */ = {isa = PBXFileReference; fileEncoding = 4; lastKnownFileType = file.storyboard; path = Calculator.storyboard; sourceTree = "<group>"; };
/* End PBXFileReference section */

/* Begin PBXFrameworksBuildPhase section */
		BF208DB61D1C17AC00BD1FF0 /* Frameworks */ = {
			isa = PBXFrameworksBuildPhase;
			buildActionMask = 2147483647;
			files = (
			);
			runOnlyForDeploymentPostprocessing = 0;
		};
		BF208DCA1D1C17AD00BD1FF0 /* Frameworks */ = {
			isa = PBXFrameworksBuildPhase;
			buildActionMask = 2147483647;
			files = (
			);
			runOnlyForDeploymentPostprocessing = 0;
		};
		BF208DD51D1C17AD00BD1FF0 /* Frameworks */ = {
			isa = PBXFrameworksBuildPhase;
			buildActionMask = 2147483647;
			files = (
			);
			runOnlyForDeploymentPostprocessing = 0;
		};
/* End PBXFrameworksBuildPhase section */

/* Begin PBXGroup section */
		BF208DB01D1C17AC00BD1FF0 = {
			isa = PBXGroup;
			children = (
				BF208DBB1D1C17AC00BD1FF0 /* UITestsSampleApp */,
				BF208DD01D1C17AD00BD1FF0 /* UITestsSampleAppTests */,
				BF208DDB1D1C17AD00BD1FF0 /* UITestsSampleAppUITests */,
				BF208DBA1D1C17AC00BD1FF0 /* Products */,
			);
			sourceTree = "<group>";
		};
		BF208DBA1D1C17AC00BD1FF0 /* Products */ = {
			isa = PBXGroup;
			children = (
				BF208DB91D1C17AC00BD1FF0 /* UITestsSampleApp.app */,
				BF208DCD1D1C17AD00BD1FF0 /* UITestsSampleAppTests.xctest */,
				BF208DD81D1C17AD00BD1FF0 /* UITestsSampleAppUITests.xctest */,
			);
			name = Products;
			sourceTree = "<group>";
		};
		BF208DBB1D1C17AC00BD1FF0 /* UITestsSampleApp */ = {
			isa = PBXGroup;
			children = (
				BF208DBC1D1C17AC00BD1FF0 /* AppDelegate.swift */,
				BFE523741D1EB1790098BC7A /* Main */,
				BF8537481D1E7F250081B3E5 /* Login */,
				BF8537491D1E7F350081B3E5 /* Calculator */,
				BFA7AF951D1FB20700DE9A12 /* PostalCodeSearch */,
				BFE523731D1EAFEF0098BC7A /* Storyboard */,
				BFDA454F1D1E830500A141BF /* CustomButton.swift */,
				BF208DEC1D1C1BC400BD1FF0 /* GradationView.swift */,
				BF208DC31D1C17AC00BD1FF0 /* Assets.xcassets */,
				BF208DC51D1C17AC00BD1FF0 /* LaunchScreen.storyboard */,
				BF208DC81D1C17AC00BD1FF0 /* Info.plist */,
				BF85373F1D1C357B0081B3E5 /* index.html */,
				BF8537411D1E778C0081B3E5 /* Utility */,
			);
			path = UITestsSampleApp;
			sourceTree = "<group>";
		};
		BF208DD01D1C17AD00BD1FF0 /* UITestsSampleAppTests */ = {
			isa = PBXGroup;
			children = (
				BF208DD11D1C17AD00BD1FF0 /* UITestsSampleAppTests.swift */,
				BF208DD31D1C17AD00BD1FF0 /* Info.plist */,
			);
			path = UITestsSampleAppTests;
			sourceTree = "<group>";
		};
		BF208DDB1D1C17AD00BD1FF0 /* UITestsSampleAppUITests */ = {
			isa = PBXGroup;
			children = (
				BF208DDC1D1C17AD00BD1FF0 /* WelcomeViewControllerUITests.swift */,
				BF3FB8B01D216290000CDCCC /* LoginViewControllerUITests.swift */,
				BF4417771D1F52DB006736B8 /* SelectFeatureTableViewControllerUITests.swift */,
				BF3FB8B21D2180E9000CDCCC /* CalculatorViewControllerUITests.swift */,
				BF3FB8B41D218115000CDCCC /* PostalCodeSearchViewControllerUITests.swift */,
				BF208DDE1D1C17AD00BD1FF0 /* Info.plist */,
			);
			path = UITestsSampleAppUITests;
			sourceTree = "<group>";
		};
		BF8537411D1E778C0081B3E5 /* Utility */ = {
			isa = PBXGroup;
			children = (
				BF8537421D1E77A00081B3E5 /* ViewControllerFactory.swift */,
			);
			name = Utility;
			sourceTree = "<group>";
		};
		BF8537481D1E7F250081B3E5 /* Login */ = {
			isa = PBXGroup;
			children = (
				BF85373D1D1C31180081B3E5 /* LoginViewController.swift */,
				BF208DEA1D1C183E00BD1FF0 /* SelectFeatureTableViewController.swift */,
			);
			name = Login;
			sourceTree = "<group>";
		};
		BF8537491D1E7F350081B3E5 /* Calculator */ = {
			isa = PBXGroup;
			children = (
				BFE5236F1D1EA8E10098BC7A /* CalculatorViewController.swift */,
			);
			name = Calculator;
			sourceTree = "<group>";
		};
		BFA7AF951D1FB20700DE9A12 /* PostalCodeSearch */ = {
			isa = PBXGroup;
			children = (
				BFA7AF961D1FB22100DE9A12 /* PostalCodeSearchViewController.swift */,
			);
			name = PostalCodeSearch;
			sourceTree = "<group>";
		};
		BFE523731D1EAFEF0098BC7A /* Storyboard */ = {
			isa = PBXGroup;
			children = (
				BF208DC01D1C17AC00BD1FF0 /* Main.storyboard */,
				BF8537441D1E7CC80081B3E5 /* Login.storyboard */,
				BFE523711D1EA8EB0098BC7A /* Calculator.storyboard */,
				BF3722F11D1FA243008E8EAD /* PostalCodeSearch.storyboard */,
			);
			name = Storyboard;
			sourceTree = "<group>";
		};
		BFE523741D1EB1790098BC7A /* Main */ = {
			isa = PBXGroup;
			children = (
				BF208DBE1D1C17AC00BD1FF0 /* WelcomeViewController.swift */,
			);
			name = Main;
			sourceTree = "<group>";
		};
/* End PBXGroup section */

/* Begin PBXNativeTarget section */
		BF208DB81D1C17AC00BD1FF0 /* UITestsSampleApp */ = {
			isa = PBXNativeTarget;
			buildConfigurationList = BF208DE11D1C17AD00BD1FF0 /* Build configuration list for PBXNativeTarget "UITestsSampleApp" */;
			buildPhases = (
				BF208DB51D1C17AC00BD1FF0 /* Sources */,
				BF208DB61D1C17AC00BD1FF0 /* Frameworks */,
				BF208DB71D1C17AC00BD1FF0 /* Resources */,
			);
			buildRules = (
			);
			dependencies = (
			);
			name = UITestsSampleApp;
			productName = UITestsSampleApp;
			productReference = BF208DB91D1C17AC00BD1FF0 /* UITestsSampleApp.app */;
			productType = "com.apple.product-type.application";
		};
		BF208DCC1D1C17AD00BD1FF0 /* UITestsSampleAppTests */ = {
			isa = PBXNativeTarget;
			buildConfigurationList = BF208DE41D1C17AD00BD1FF0 /* Build configuration list for PBXNativeTarget "UITestsSampleAppTests" */;
			buildPhases = (
				BF208DC91D1C17AD00BD1FF0 /* Sources */,
				BF208DCA1D1C17AD00BD1FF0 /* Frameworks */,
				BF208DCB1D1C17AD00BD1FF0 /* Resources */,
			);
			buildRules = (
			);
			dependencies = (
				BF208DCF1D1C17AD00BD1FF0 /* PBXTargetDependency */,
			);
			name = UITestsSampleAppTests;
			productName = UITestsSampleAppTests;
			productReference = BF208DCD1D1C17AD00BD1FF0 /* UITestsSampleAppTests.xctest */;
			productType = "com.apple.product-type.bundle.unit-test";
		};
		BF208DD71D1C17AD00BD1FF0 /* UITestsSampleAppUITests */ = {
			isa = PBXNativeTarget;
			buildConfigurationList = BF208DE71D1C17AD00BD1FF0 /* Build configuration list for PBXNativeTarget "UITestsSampleAppUITests" */;
			buildPhases = (
				BF208DD41D1C17AD00BD1FF0 /* Sources */,
				BF208DD51D1C17AD00BD1FF0 /* Frameworks */,
				BF208DD61D1C17AD00BD1FF0 /* Resources */,
			);
			buildRules = (
			);
			dependencies = (
				BF208DDA1D1C17AD00BD1FF0 /* PBXTargetDependency */,
			);
			name = UITestsSampleAppUITests;
			productName = UITestsSampleAppUITests;
			productReference = BF208DD81D1C17AD00BD1FF0 /* UITestsSampleAppUITests.xctest */;
			productType = "com.apple.product-type.bundle.ui-testing";
		};
/* End PBXNativeTarget section */

/* Begin PBXProject section */
		BF208DB11D1C17AC00BD1FF0 /* Project object */ = {
			isa = PBXProject;
			attributes = {
				LastSwiftUpdateCheck = 0800;
				LastUpgradeCheck = 0800;
				ORGANIZATIONNAME = gates1de;
				TargetAttributes = {
					BF208DB81D1C17AC00BD1FF0 = {
						CreatedOnToolsVersion = 8.0;
						DevelopmentTeam = HYP4BUD3C6;
						DevelopmentTeamName = "Yu Kadowaki";
						ProvisioningStyle = Automatic;
					};
					BF208DCC1D1C17AD00BD1FF0 = {
						CreatedOnToolsVersion = 8.0;
						DevelopmentTeam = HYP4BUD3C6;
						DevelopmentTeamName = "Yu Kadowaki";
						ProvisioningStyle = Automatic;
						TestTargetID = BF208DB81D1C17AC00BD1FF0;
					};
					BF208DD71D1C17AD00BD1FF0 = {
						CreatedOnToolsVersion = 8.0;
						DevelopmentTeam = HYP4BUD3C6;
						DevelopmentTeamName = "Yu Kadowaki";
						ProvisioningStyle = Automatic;
						TestTargetID = BF208DB81D1C17AC00BD1FF0;
					};
				};
			};
			buildConfigurationList = BF208DB41D1C17AC00BD1FF0 /* Build configuration list for PBXProject "UITestsSampleApp" */;
			compatibilityVersion = "Xcode 3.2";
			developmentRegion = English;
			hasScannedForEncodings = 0;
			knownRegions = (
				en,
				Base,
			);
			mainGroup = BF208DB01D1C17AC00BD1FF0;
			productRefGroup = BF208DBA1D1C17AC00BD1FF0 /* Products */;
			projectDirPath = "";
			projectRoot = "";
			targets = (
				BF208DB81D1C17AC00BD1FF0 /* UITestsSampleApp */,
				BF208DCC1D1C17AD00BD1FF0 /* UITestsSampleAppTests */,
				BF208DD71D1C17AD00BD1FF0 /* UITestsSampleAppUITests */,
			);
		};
/* End PBXProject section */

/* Begin PBXResourcesBuildPhase section */
		BF208DB71D1C17AC00BD1FF0 /* Resources */ = {
			isa = PBXResourcesBuildPhase;
			buildActionMask = 2147483647;
			files = (
				BF208DC71D1C17AC00BD1FF0 /* LaunchScreen.storyboard in Resources */,
				BF8537401D1C357B0081B3E5 /* index.html in Resources */,
				BF3722F21D1FA243008E8EAD /* PostalCodeSearch.storyboard in Resources */,
				BFE523721D1EA8EB0098BC7A /* Calculator.storyboard in Resources */,
				BF208DC41D1C17AC00BD1FF0 /* Assets.xcassets in Resources */,
				BF8537451D1E7CC80081B3E5 /* Login.storyboard in Resources */,
				BF208DC21D1C17AC00BD1FF0 /* Main.storyboard in Resources */,
			);
			runOnlyForDeploymentPostprocessing = 0;
		};
		BF208DCB1D1C17AD00BD1FF0 /* Resources */ = {
			isa = PBXResourcesBuildPhase;
			buildActionMask = 2147483647;
			files = (
			);
			runOnlyForDeploymentPostprocessing = 0;
		};
		BF208DD61D1C17AD00BD1FF0 /* Resources */ = {
			isa = PBXResourcesBuildPhase;
			buildActionMask = 2147483647;
			files = (
			);
			runOnlyForDeploymentPostprocessing = 0;
		};
/* End PBXResourcesBuildPhase section */

/* Begin PBXSourcesBuildPhase section */
		BF208DB51D1C17AC00BD1FF0 /* Sources */ = {
			isa = PBXSourcesBuildPhase;
			buildActionMask = 2147483647;
			files = (
				BF208DBF1D1C17AC00BD1FF0 /* WelcomeViewController.swift in Sources */,
				BFA7AF971D1FB22100DE9A12 /* PostalCodeSearchViewController.swift in Sources */,
				BFDA45501D1E830500A141BF /* CustomButton.swift in Sources */,
				BF208DBD1D1C17AC00BD1FF0 /* AppDelegate.swift in Sources */,
				BF208DED1D1C1BC400BD1FF0 /* GradationView.swift in Sources */,
				BFE523701D1EA8E10098BC7A /* CalculatorViewController.swift in Sources */,
				BF8537431D1E77A00081B3E5 /* ViewControllerFactory.swift in Sources */,
				BF85373E1D1C31180081B3E5 /* LoginViewController.swift in Sources */,
				BF208DEB1D1C183E00BD1FF0 /* SelectFeatureTableViewController.swift in Sources */,
			);
			runOnlyForDeploymentPostprocessing = 0;
		};
		BF208DC91D1C17AD00BD1FF0 /* Sources */ = {
			isa = PBXSourcesBuildPhase;
			buildActionMask = 2147483647;
			files = (
				BF208DD21D1C17AD00BD1FF0 /* UITestsSampleAppTests.swift in Sources */,
			);
			runOnlyForDeploymentPostprocessing = 0;
		};
		BF208DD41D1C17AD00BD1FF0 /* Sources */ = {
			isa = PBXSourcesBuildPhase;
			buildActionMask = 2147483647;
			files = (
				BF208DDD1D1C17AD00BD1FF0 /* WelcomeViewControllerUITests.swift in Sources */,
				BF4417781D1F52DB006736B8 /* SelectFeatureTableViewControllerUITests.swift in Sources */,
				BF3FB8B31D2180E9000CDCCC /* CalculatorViewControllerUITests.swift in Sources */,
				BF3FB8B51D218115000CDCCC /* PostalCodeSearchViewControllerUITests.swift in Sources */,
				BF3FB8B11D216290000CDCCC /* LoginViewControllerUITests.swift in Sources */,
			);
			runOnlyForDeploymentPostprocessing = 0;
		};
/* End PBXSourcesBuildPhase section */

/* Begin PBXTargetDependency section */
		BF208DCF1D1C17AD00BD1FF0 /* PBXTargetDependency */ = {
			isa = PBXTargetDependency;
			target = BF208DB81D1C17AC00BD1FF0 /* UITestsSampleApp */;
			targetProxy = BF208DCE1D1C17AD00BD1FF0 /* PBXContainerItemProxy */;
		};
		BF208DDA1D1C17AD00BD1FF0 /* PBXTargetDependency */ = {
			isa = PBXTargetDependency;
			target = BF208DB81D1C17AC00BD1FF0 /* UITestsSampleApp */;
			targetProxy = BF208DD91D1C17AD00BD1FF0 /* PBXContainerItemProxy */;
		};
/* End PBXTargetDependency section */

/* Begin PBXVariantGroup section */
		BF208DC01D1C17AC00BD1FF0 /* Main.storyboard */ = {
			isa = PBXVariantGroup;
			children = (
				BF208DC11D1C17AC00BD1FF0 /* Base */,
			);
			name = Main.storyboard;
			sourceTree = "<group>";
		};
		BF208DC51D1C17AC00BD1FF0 /* LaunchScreen.storyboard */ = {
			isa = PBXVariantGroup;
			children = (
				BF208DC61D1C17AC00BD1FF0 /* Base */,
			);
			name = LaunchScreen.storyboard;
			sourceTree = "<group>";
		};
/* End PBXVariantGroup section */

/* Begin XCBuildConfiguration section */
		BF208DDF1D1C17AD00BD1FF0 /* Debug */ = {
			isa = XCBuildConfiguration;
			buildSettings = {
				ALWAYS_SEARCH_USER_PATHS = NO;
				CLANG_ANALYZER_NONNULL = YES;
				CLANG_CXX_LANGUAGE_STANDARD = "gnu++0x";
				CLANG_CXX_LIBRARY = "libc++";
				CLANG_ENABLE_MODULES = YES;
				CLANG_ENABLE_OBJC_ARC = YES;
				CLANG_WARN_BOOL_CONVERSION = YES;
				CLANG_WARN_CONSTANT_CONVERSION = YES;
				CLANG_WARN_DIRECT_OBJC_ISA_USAGE = YES_ERROR;
				CLANG_WARN_DOCUMENTATION_COMMENTS = YES;
				CLANG_WARN_EMPTY_BODY = YES;
				CLANG_WARN_ENUM_CONVERSION = YES;
				CLANG_WARN_INT_CONVERSION = YES;
				CLANG_WARN_OBJC_ROOT_CLASS = YES_ERROR;
				CLANG_WARN_UNREACHABLE_CODE = YES;
				CLANG_WARN__DUPLICATE_METHOD_MATCH = YES;
				"CODE_SIGN_IDENTITY[sdk=iphoneos*]" = "iPhone Developer";
				COPY_PHASE_STRIP = NO;
				DEBUG_INFORMATION_FORMAT = dwarf;
				ENABLE_STRICT_OBJC_MSGSEND = YES;
				ENABLE_TESTABILITY = YES;
				GCC_C_LANGUAGE_STANDARD = gnu99;
				GCC_DYNAMIC_NO_PIC = NO;
				GCC_NO_COMMON_BLOCKS = YES;
				GCC_OPTIMIZATION_LEVEL = 0;
				GCC_PREPROCESSOR_DEFINITIONS = (
					"DEBUG=1",
					"$(inherited)",
				);
				GCC_WARN_64_TO_32_BIT_CONVERSION = YES;
				GCC_WARN_ABOUT_RETURN_TYPE = YES_ERROR;
				GCC_WARN_UNDECLARED_SELECTOR = YES;
				GCC_WARN_UNINITIALIZED_AUTOS = YES_AGGRESSIVE;
				GCC_WARN_UNUSED_FUNCTION = YES;
				GCC_WARN_UNUSED_VARIABLE = YES;
				IPHONEOS_DEPLOYMENT_TARGET = 10.0;
				MTL_ENABLE_DEBUG_INFO = YES;
				ONLY_ACTIVE_ARCH = YES;
				SDKROOT = iphoneos;
				SWIFT_ACTIVE_COMPILATION_CONDITIONS = DEBUG;
				SWIFT_OPTIMIZATION_LEVEL = "-Onone";
			};
			name = Debug;
		};
		BF208DE01D1C17AD00BD1FF0 /* Release */ = {
			isa = XCBuildConfiguration;
			buildSettings = {
				ALWAYS_SEARCH_USER_PATHS = NO;
				CLANG_ANALYZER_NONNULL = YES;
				CLANG_CXX_LANGUAGE_STANDARD = "gnu++0x";
				CLANG_CXX_LIBRARY = "libc++";
				CLANG_ENABLE_MODULES = YES;
				CLANG_ENABLE_OBJC_ARC = YES;
				CLANG_WARN_BOOL_CONVERSION = YES;
				CLANG_WARN_CONSTANT_CONVERSION = YES;
				CLANG_WARN_DIRECT_OBJC_ISA_USAGE = YES_ERROR;
				CLANG_WARN_DOCUMENTATION_COMMENTS = YES;
				CLANG_WARN_EMPTY_BODY = YES;
				CLANG_WARN_ENUM_CONVERSION = YES;
				CLANG_WARN_INT_CONVERSION = YES;
				CLANG_WARN_OBJC_ROOT_CLASS = YES_ERROR;
				CLANG_WARN_UNREACHABLE_CODE = YES;
				CLANG_WARN__DUPLICATE_METHOD_MATCH = YES;
				"CODE_SIGN_IDENTITY[sdk=iphoneos*]" = "iPhone Developer";
				COPY_PHASE_STRIP = NO;
				DEBUG_INFORMATION_FORMAT = "dwarf-with-dsym";
				ENABLE_NS_ASSERTIONS = NO;
				ENABLE_STRICT_OBJC_MSGSEND = YES;
				GCC_C_LANGUAGE_STANDARD = gnu99;
				GCC_NO_COMMON_BLOCKS = YES;
				GCC_WARN_64_TO_32_BIT_CONVERSION = YES;
				GCC_WARN_ABOUT_RETURN_TYPE = YES_ERROR;
				GCC_WARN_UNDECLARED_SELECTOR = YES;
				GCC_WARN_UNINITIALIZED_AUTOS = YES_AGGRESSIVE;
				GCC_WARN_UNUSED_FUNCTION = YES;
				GCC_WARN_UNUSED_VARIABLE = YES;
				IPHONEOS_DEPLOYMENT_TARGET = 10.0;
				MTL_ENABLE_DEBUG_INFO = NO;
				SDKROOT = iphoneos;
				SWIFT_OPTIMIZATION_LEVEL = "-Owholemodule";
				VALIDATE_PRODUCT = YES;
			};
			name = Release;
		};
		BF208DE21D1C17AD00BD1FF0 /* Debug */ = {
			isa = XCBuildConfiguration;
			buildSettings = {
				ASSETCATALOG_COMPILER_APPICON_NAME = AppIcon;
				"CODE_SIGN_IDENTITY[sdk=iphoneos*]" = "iPhone Developer";
				ENABLE_TESTABILITY = YES;
				INFOPLIST_FILE = UITestsSampleApp/Info.plist;
				LD_RUNPATH_SEARCH_PATHS = "$(inherited) @executable_path/Frameworks";
				PRODUCT_BUNDLE_IDENTIFIER = com.gates1de.UITestsSampleApp;
				PRODUCT_NAME = "$(TARGET_NAME)";
				SWIFT_VERSION = 3.0;
			};
			name = Debug;
		};
		BF208DE31D1C17AD00BD1FF0 /* Release */ = {
			isa = XCBuildConfiguration;
			buildSettings = {
				ASSETCATALOG_COMPILER_APPICON_NAME = AppIcon;
				"CODE_SIGN_IDENTITY[sdk=iphoneos*]" = "iPhone Developer";
				INFOPLIST_FILE = UITestsSampleApp/Info.plist;
				LD_RUNPATH_SEARCH_PATHS = "$(inherited) @executable_path/Frameworks";
				PRODUCT_BUNDLE_IDENTIFIER = com.gates1de.UITestsSampleApp;
				PRODUCT_NAME = "$(TARGET_NAME)";
				SWIFT_VERSION = 3.0;
			};
			name = Release;
		};
		BF208DE51D1C17AD00BD1FF0 /* Debug */ = {
			isa = XCBuildConfiguration;
			buildSettings = {
				BUNDLE_LOADER = "$(TEST_HOST)";
				INFOPLIST_FILE = UITestsSampleAppTests/Info.plist;
				LD_RUNPATH_SEARCH_PATHS = "$(inherited) @executable_path/Frameworks @loader_path/Frameworks";
				PRODUCT_BUNDLE_IDENTIFIER = com.gates1de.UITestsSampleAppTests;
				PRODUCT_NAME = "$(TARGET_NAME)";
				SWIFT_VERSION = 3.0;
				TEST_HOST = "$(BUILT_PRODUCTS_DIR)/UITestsSampleApp.app/UITestsSampleApp";
			};
			name = Debug;
		};
		BF208DE61D1C17AD00BD1FF0 /* Release */ = {
			isa = XCBuildConfiguration;
			buildSettings = {
				BUNDLE_LOADER = "$(TEST_HOST)";
				INFOPLIST_FILE = UITestsSampleAppTests/Info.plist;
				LD_RUNPATH_SEARCH_PATHS = "$(inherited) @executable_path/Frameworks @loader_path/Frameworks";
				PRODUCT_BUNDLE_IDENTIFIER = com.gates1de.UITestsSampleAppTests;
				PRODUCT_NAME = "$(TARGET_NAME)";
				SWIFT_VERSION = 3.0;
				TEST_HOST = "$(BUILT_PRODUCTS_DIR)/UITestsSampleApp.app/UITestsSampleApp";
			};
			name = Release;
		};
		BF208DE81D1C17AD00BD1FF0 /* Debug */ = {
			isa = XCBuildConfiguration;
			buildSettings = {
				ENABLE_TESTABILITY = YES;
				INFOPLIST_FILE = UITestsSampleAppUITests/Info.plist;
				LD_RUNPATH_SEARCH_PATHS = "$(inherited) @executable_path/Frameworks @loader_path/Frameworks";
				PRODUCT_BUNDLE_IDENTIFIER = com.gates1de.UITestsSampleAppUITests;
				PRODUCT_NAME = "$(TARGET_NAME)";
				SWIFT_VERSION = 3.0;
				TEST_TARGET_NAME = UITestsSampleApp;
			};
			name = Debug;
		};
		BF208DE91D1C17AD00BD1FF0 /* Release */ = {
			isa = XCBuildConfiguration;
			buildSettings = {
				INFOPLIST_FILE = UITestsSampleAppUITests/Info.plist;
				LD_RUNPATH_SEARCH_PATHS = "$(inherited) @executable_path/Frameworks @loader_path/Frameworks";
				PRODUCT_BUNDLE_IDENTIFIER = com.gates1de.UITestsSampleAppUITests;
				PRODUCT_NAME = "$(TARGET_NAME)";
				SWIFT_VERSION = 3.0;
				TEST_TARGET_NAME = UITestsSampleApp;
			};
			name = Release;
		};
/* End XCBuildConfiguration section */

/* Begin XCConfigurationList section */
		BF208DB41D1C17AC00BD1FF0 /* Build configuration list for PBXProject "UITestsSampleApp" */ = {
			isa = XCConfigurationList;
			buildConfigurations = (
				BF208DDF1D1C17AD00BD1FF0 /* Debug */,
				BF208DE01D1C17AD00BD1FF0 /* Release */,
			);
			defaultConfigurationIsVisible = 0;
			defaultConfigurationName = Release;
		};
		BF208DE11D1C17AD00BD1FF0 /* Build configuration list for PBXNativeTarget "UITestsSampleApp" */ = {
			isa = XCConfigurationList;
			buildConfigurations = (
				BF208DE21D1C17AD00BD1FF0 /* Debug */,
				BF208DE31D1C17AD00BD1FF0 /* Release */,
			);
			defaultConfigurationIsVisible = 0;
			defaultConfigurationName = Release;
		};
		BF208DE41D1C17AD00BD1FF0 /* Build configuration list for PBXNativeTarget "UITestsSampleAppTests" */ = {
			isa = XCConfigurationList;
			buildConfigurations = (
				BF208DE51D1C17AD00BD1FF0 /* Debug */,
				BF208DE61D1C17AD00BD1FF0 /* Release */,
			);
			defaultConfigurationIsVisible = 0;
			defaultConfigurationName = Release;
		};
		BF208DE71D1C17AD00BD1FF0 /* Build configuration list for PBXNativeTarget "UITestsSampleAppUITests" */ = {
			isa = XCConfigurationList;
			buildConfigurations = (
				BF208DE81D1C17AD00BD1FF0 /* Debug */,
				BF208DE91D1C17AD00BD1FF0 /* Release */,
			);
			defaultConfigurationIsVisible = 0;
			defaultConfigurationName = Release;
		};
/* End XCConfigurationList section */
	};
	rootObject = BF208DB11D1C17AC00BD1FF0 /* Project object */;
}
